{
  "pins" : [
    {
      "identity" : "hidabletabview-swiftui",
      "kind" : "remoteSourceControl",
      "location" : "https://gitlab.com/AliMertOzhayta/hidabletabview-swiftui.git",
      "state" : {
        "revision" : "780370587fdeabfbbb4ead23e62773948ec07de6",
        "version" : "1.0.0"
      }
    }
  ],
  "version" : 2
}
