// !$*UTF8*$!
{
	archiveVersion = 1;
	classes = {
	};
	objectVersion = 55;
	objects = {

/* Begin PBXBuildFile section */
		E172A09F28231EC10086FD09 /* CreditCardView.swift in Sources */ = {isa = PBXBuildFile; fileRef = E172A09E28231EC10086FD09 /* CreditCardView.swift */; };
		E172A0A128233A880086FD09 /* GridColoredCardView.swift in Sources */ = {isa = PBXBuildFile; fileRef = E172A0A028233A880086FD09 /* GridColoredCardView.swift */; };
		E17AAC042820723900F159C7 /* BankApp.swift in Sources */ = {isa = PBXBuildFile; fileRef = E17AAC032820723900F159C7 /* BankApp.swift */; };
		E17AAC062820723900F159C7 /* ContentView.swift in Sources */ = {isa = PBXBuildFile; fileRef = E17AAC052820723900F159C7 /* ContentView.swift */; };
		E17AAC082820723D00F159C7 /* Assets.xcassets in Resources */ = {isa = PBXBuildFile; fileRef = E17AAC072820723D00F159C7 /* Assets.xcassets */; };
		E17AAC0B2820723D00F159C7 /* Preview Assets.xcassets in Resources */ = {isa = PBXBuildFile; fileRef = E17AAC0A2820723D00F159C7 /* Preview Assets.xcassets */; };
		E17AAC12282072B100F159C7 /* View+Extensions.swift in Sources */ = {isa = PBXBuildFile; fileRef = E17AAC11282072B100F159C7 /* View+Extensions.swift */; };
		E17AAC162820780C00F159C7 /* WalletView.swift in Sources */ = {isa = PBXBuildFile; fileRef = E17AAC152820780C00F159C7 /* WalletView.swift */; };
		E17AAC182820781E00F159C7 /* Card.swift in Sources */ = {isa = PBXBuildFile; fileRef = E17AAC172820781E00F159C7 /* Card.swift */; };
		E18F41FB282946890057864C /* TransactionsView.swift in Sources */ = {isa = PBXBuildFile; fileRef = E18F41FA282946890057864C /* TransactionsView.swift */; };
		E18F41FF28299F6D0057864C /* User.swift in Sources */ = {isa = PBXBuildFile; fileRef = E18F41FE28299F6D0057864C /* User.swift */; };
		E18F420128299FD70057864C /* DateValue.swift in Sources */ = {isa = PBXBuildFile; fileRef = E18F420028299FD70057864C /* DateValue.swift */; };
		E18F42092829B50B0057864C /* CustomDatePicker.swift in Sources */ = {isa = PBXBuildFile; fileRef = E18F42082829B50B0057864C /* CustomDatePicker.swift */; };
		E18F420B2829C3400057864C /* UserTransactionView.swift in Sources */ = {isa = PBXBuildFile; fileRef = E18F420A2829C3400057864C /* UserTransactionView.swift */; };
		E1D53AE128318C880089FD3C /* BankLibrary in Frameworks */ = {isa = PBXBuildFile; productRef = E1D53AE028318C880089FD3C /* BankLibrary */; };
		E1E8239B282135F7004F1BD6 /* CardView.swift in Sources */ = {isa = PBXBuildFile; fileRef = E1E8239A282135F7004F1BD6 /* CardView.swift */; };
		E1E8239D28213C1D004F1BD6 /* CardDetailView.swift in Sources */ = {isa = PBXBuildFile; fileRef = E1E8239C28213C1D004F1BD6 /* CardDetailView.swift */; };
		E1E823A528213D2F004F1BD6 /* String+Extensions.swift in Sources */ = {isa = PBXBuildFile; fileRef = E1E823A428213D2F004F1BD6 /* String+Extensions.swift */; };
		E1E823AC28213F6F004F1BD6 /* MockData.swift in Sources */ = {isa = PBXBuildFile; fileRef = E1E823AB28213F6F004F1BD6 /* MockData.swift */; };
		E1E823B02821795C004F1BD6 /* Expense.swift in Sources */ = {isa = PBXBuildFile; fileRef = E1E823AF2821795B004F1BD6 /* Expense.swift */; };
		E1E823B228217A41004F1BD6 /* ExpenseView.swift in Sources */ = {isa = PBXBuildFile; fileRef = E1E823B128217A41004F1BD6 /* ExpenseView.swift */; };
		E1E823B92821C728004F1BD6 /* ColorGrid.swift in Sources */ = {isa = PBXBuildFile; fileRef = E1E823B82821C728004F1BD6 /* ColorGrid.swift */; };
		E1E823BB2821C7BC004F1BD6 /* AddCardView.swift in Sources */ = {isa = PBXBuildFile; fileRef = E1E823BA2821C7BC004F1BD6 /* AddCardView.swift */; };
		E1E823BD2821E73E004F1BD6 /* CustomCorner.swift in Sources */ = {isa = PBXBuildFile; fileRef = E1E823BC2821E73D004F1BD6 /* CustomCorner.swift */; };
/* End PBXBuildFile section */

/* Begin PBXFileReference section */
		E172A09E28231EC10086FD09 /* CreditCardView.swift */ = {isa = PBXFileReference; lastKnownFileType = sourcecode.swift; path = CreditCardView.swift; sourceTree = "<group>"; };
		E172A0A028233A880086FD09 /* GridColoredCardView.swift */ = {isa = PBXFileReference; lastKnownFileType = sourcecode.swift; path = GridColoredCardView.swift; sourceTree = "<group>"; };
		E17AAC002820723900F159C7 /* Bank.app */ = {isa = PBXFileReference; explicitFileType = wrapper.application; includeInIndex = 0; path = Bank.app; sourceTree = BUILT_PRODUCTS_DIR; };
		E17AAC032820723900F159C7 /* BankApp.swift */ = {isa = PBXFileReference; lastKnownFileType = sourcecode.swift; path = BankApp.swift; sourceTree = "<group>"; };
		E17AAC052820723900F159C7 /* ContentView.swift */ = {isa = PBXFileReference; lastKnownFileType = sourcecode.swift; path = ContentView.swift; sourceTree = "<group>"; };
		E17AAC072820723D00F159C7 /* Assets.xcassets */ = {isa = PBXFileReference; lastKnownFileType = folder.assetcatalog; path = Assets.xcassets; sourceTree = "<group>"; };
		E17AAC0A2820723D00F159C7 /* Preview Assets.xcassets */ = {isa = PBXFileReference; lastKnownFileType = folder.assetcatalog; path = "Preview Assets.xcassets"; sourceTree = "<group>"; };
		E17AAC11282072B100F159C7 /* View+Extensions.swift */ = {isa = PBXFileReference; lastKnownFileType = sourcecode.swift; path = "View+Extensions.swift"; sourceTree = "<group>"; };
		E17AAC152820780C00F159C7 /* WalletView.swift */ = {isa = PBXFileReference; lastKnownFileType = sourcecode.swift; path = WalletView.swift; sourceTree = "<group>"; };
		E17AAC172820781E00F159C7 /* Card.swift */ = {isa = PBXFileReference; lastKnownFileType = sourcecode.swift; path = Card.swift; sourceTree = "<group>"; };
		E18F41FA282946890057864C /* TransactionsView.swift */ = {isa = PBXFileReference; lastKnownFileType = sourcecode.swift; path = TransactionsView.swift; sourceTree = "<group>"; };
		E18F41FE28299F6D0057864C /* User.swift */ = {isa = PBXFileReference; lastKnownFileType = sourcecode.swift; path = User.swift; sourceTree = "<group>"; };
		E18F420028299FD70057864C /* DateValue.swift */ = {isa = PBXFileReference; lastKnownFileType = sourcecode.swift; path = DateValue.swift; sourceTree = "<group>"; };
		E18F42052829AADE0057864C /* Info.plist */ = {isa = PBXFileReference; lastKnownFileType = text.plist; path = Info.plist; sourceTree = "<group>"; };
		E18F42082829B50B0057864C /* CustomDatePicker.swift */ = {isa = PBXFileReference; lastKnownFileType = sourcecode.swift; path = CustomDatePicker.swift; sourceTree = "<group>"; };
		E18F420A2829C3400057864C /* UserTransactionView.swift */ = {isa = PBXFileReference; lastKnownFileType = sourcecode.swift; path = UserTransactionView.swift; sourceTree = "<group>"; };
		E1D53AE3283193780089FD3C /* BankLibrary */ = {isa = PBXFileReference; lastKnownFileType = wrapper; path = BankLibrary; sourceTree = "<group>"; };
		E1E8239A282135F7004F1BD6 /* CardView.swift */ = {isa = PBXFileReference; lastKnownFileType = sourcecode.swift; path = CardView.swift; sourceTree = "<group>"; };
		E1E8239C28213C1D004F1BD6 /* CardDetailView.swift */ = {isa = PBXFileReference; lastKnownFileType = sourcecode.swift; path = CardDetailView.swift; sourceTree = "<group>"; };
		E1E823A428213D2F004F1BD6 /* String+Extensions.swift */ = {isa = PBXFileReference; lastKnownFileType = sourcecode.swift; path = "String+Extensions.swift"; sourceTree = "<group>"; };
		E1E823AB28213F6F004F1BD6 /* MockData.swift */ = {isa = PBXFileReference; lastKnownFileType = sourcecode.swift; path = MockData.swift; sourceTree = "<group>"; };
		E1E823AF2821795B004F1BD6 /* Expense.swift */ = {isa = PBXFileReference; lastKnownFileType = sourcecode.swift; path = Expense.swift; sourceTree = "<group>"; };
		E1E823B128217A41004F1BD6 /* ExpenseView.swift */ = {isa = PBXFileReference; lastKnownFileType = sourcecode.swift; path = ExpenseView.swift; sourceTree = "<group>"; };
		E1E823B82821C728004F1BD6 /* ColorGrid.swift */ = {isa = PBXFileReference; lastKnownFileType = sourcecode.swift; path = ColorGrid.swift; sourceTree = "<group>"; };
		E1E823BA2821C7BC004F1BD6 /* AddCardView.swift */ = {isa = PBXFileReference; lastKnownFileType = sourcecode.swift; path = AddCardView.swift; sourceTree = "<group>"; };
		E1E823BC2821E73D004F1BD6 /* CustomCorner.swift */ = {isa = PBXFileReference; lastKnownFileType = sourcecode.swift; path = CustomCorner.swift; sourceTree = "<group>"; };
/* End PBXFileReference section */

/* Begin PBXFrameworksBuildPhase section */
		E17AABFD2820723900F159C7 /* Frameworks */ = {
			isa = PBXFrameworksBuildPhase;
			buildActionMask = 2147483647;
			files = (
				E1D53AE128318C880089FD3C /* BankLibrary in Frameworks */,
			);
			runOnlyForDeploymentPostprocessing = 0;
		};
/* End PBXFrameworksBuildPhase section */

/* Begin PBXGroup section */
		E17AABF72820723900F159C7 = {
			isa = PBXGroup;
			children = (
				E1D53AE3283193780089FD3C /* BankLibrary */,
				E17AAC022820723900F159C7 /* Bank */,
				E17AAC012820723900F159C7 /* Products */,
				E1D53ADF28318C880089FD3C /* Frameworks */,
			);
			sourceTree = "<group>";
		};
		E17AAC012820723900F159C7 /* Products */ = {
			isa = PBXGroup;
			children = (
				E17AAC002820723900F159C7 /* Bank.app */,
			);
			name = Products;
			sourceTree = "<group>";
		};
		E17AAC022820723900F159C7 /* Bank */ = {
			isa = PBXGroup;
			children = (
				E18F42052829AADE0057864C /* Info.plist */,
				E1E823A728213D83004F1BD6 /* App */,
				E1E823A228213D12004F1BD6 /* Common */,
				E17AAC132820779900F159C7 /* Module */,
				E18F42022829AA2B0057864C /* Resources */,
				E17AAC092820723D00F159C7 /* Preview Content */,
			);
			path = Bank;
			sourceTree = "<group>";
		};
		E17AAC092820723D00F159C7 /* Preview Content */ = {
			isa = PBXGroup;
			children = (
				E1E823AB28213F6F004F1BD6 /* MockData.swift */,
				E17AAC0A2820723D00F159C7 /* Preview Assets.xcassets */,
			);
			path = "Preview Content";
			sourceTree = "<group>";
		};
		E17AAC132820779900F159C7 /* Module */ = {
			isa = PBXGroup;
			children = (
				E18F41F92829467E0057864C /* Transactions */,
				E1E8239E28213CA2004F1BD6 /* Wallet */,
			);
			path = Module;
			sourceTree = "<group>";
		};
		E17AAC14282077FB00F159C7 /* Model */ = {
			isa = PBXGroup;
			children = (
				E17AAC172820781E00F159C7 /* Card.swift */,
			);
			path = Model;
			sourceTree = "<group>";
		};
		E18F41F92829467E0057864C /* Transactions */ = {
			isa = PBXGroup;
			children = (
				E18F41FD28299F610057864C /* Model */,
				E18F41FC28299F5C0057864C /* View */,
			);
			path = Transactions;
			sourceTree = "<group>";
		};
		E18F41FC28299F5C0057864C /* View */ = {
			isa = PBXGroup;
			children = (
				E18F41FA282946890057864C /* TransactionsView.swift */,
				E18F420A2829C3400057864C /* UserTransactionView.swift */,
			);
			path = View;
			sourceTree = "<group>";
		};
		E18F41FD28299F610057864C /* Model */ = {
			isa = PBXGroup;
			children = (
				E18F41FE28299F6D0057864C /* User.swift */,
				E18F420028299FD70057864C /* DateValue.swift */,
			);
			path = Model;
			sourceTree = "<group>";
		};
		E18F42022829AA2B0057864C /* Resources */ = {
			isa = PBXGroup;
			children = (
				E17AAC072820723D00F159C7 /* Assets.xcassets */,
			);
			path = Resources;
			sourceTree = "<group>";
		};
		E1D53ADF28318C880089FD3C /* Frameworks */ = {
			isa = PBXGroup;
			children = (
			);
			name = Frameworks;
			sourceTree = "<group>";
		};
		E1E8239E28213CA2004F1BD6 /* Wallet */ = {
			isa = PBXGroup;
			children = (
				E17AAC14282077FB00F159C7 /* Model */,
				E1E823A028213CC3004F1BD6 /* View */,
				E1E823B52821C6A0004F1BD6 /* SubModules */,
			);
			path = Wallet;
			sourceTree = "<group>";
		};
		E1E823A028213CC3004F1BD6 /* View */ = {
			isa = PBXGroup;
			children = (
				E17AAC152820780C00F159C7 /* WalletView.swift */,
			);
			path = View;
			sourceTree = "<group>";
		};
		E1E823A128213CE0004F1BD6 /* CardDetail */ = {
			isa = PBXGroup;
			children = (
				E1E823AE2821793B004F1BD6 /* Model */,
				E1E823AD2821792A004F1BD6 /* View */,
			);
			path = CardDetail;
			sourceTree = "<group>";
		};
		E1E823A228213D12004F1BD6 /* Common */ = {
			isa = PBXGroup;
			children = (
				E1E823A928213DDB004F1BD6 /* View */,
				E1E823A328213D1A004F1BD6 /* Extensions */,
			);
			path = Common;
			sourceTree = "<group>";
		};
		E1E823A328213D1A004F1BD6 /* Extensions */ = {
			isa = PBXGroup;
			children = (
				E17AAC11282072B100F159C7 /* View+Extensions.swift */,
				E1E823A428213D2F004F1BD6 /* String+Extensions.swift */,
			);
			path = Extensions;
			sourceTree = "<group>";
		};
		E1E823A728213D83004F1BD6 /* App */ = {
			isa = PBXGroup;
			children = (
				E17AAC032820723900F159C7 /* BankApp.swift */,
				E17AAC052820723900F159C7 /* ContentView.swift */,
			);
			path = App;
			sourceTree = "<group>";
		};
		E1E823A928213DDB004F1BD6 /* View */ = {
			isa = PBXGroup;
			children = (
				E1E8239A282135F7004F1BD6 /* CardView.swift */,
				E18F42082829B50B0057864C /* CustomDatePicker.swift */,
			);
			path = View;
			sourceTree = "<group>";
		};
		E1E823AD2821792A004F1BD6 /* View */ = {
			isa = PBXGroup;
			children = (
				E1E8239C28213C1D004F1BD6 /* CardDetailView.swift */,
				E1E823B128217A41004F1BD6 /* ExpenseView.swift */,
			);
			path = View;
			sourceTree = "<group>";
		};
		E1E823AE2821793B004F1BD6 /* Model */ = {
			isa = PBXGroup;
			children = (
				E1E823AF2821795B004F1BD6 /* Expense.swift */,
			);
			path = Model;
			sourceTree = "<group>";
		};
		E1E823B42821C672004F1BD6 /* AddCard */ = {
			isa = PBXGroup;
			children = (
				E1E823B62821C710004F1BD6 /* Model */,
				E1E823B72821C716004F1BD6 /* View */,
			);
			path = AddCard;
			sourceTree = "<group>";
		};
		E1E823B52821C6A0004F1BD6 /* SubModules */ = {
			isa = PBXGroup;
			children = (
				E1E823B42821C672004F1BD6 /* AddCard */,
				E1E823A128213CE0004F1BD6 /* CardDetail */,
			);
			path = SubModules;
			sourceTree = "<group>";
		};
		E1E823B62821C710004F1BD6 /* Model */ = {
			isa = PBXGroup;
			children = (
				E1E823B82821C728004F1BD6 /* ColorGrid.swift */,
			);
			path = Model;
			sourceTree = "<group>";
		};
		E1E823B72821C716004F1BD6 /* View */ = {
			isa = PBXGroup;
			children = (
				E1E823BA2821C7BC004F1BD6 /* AddCardView.swift */,
				E172A0A028233A880086FD09 /* GridColoredCardView.swift */,
				E1E823BC2821E73D004F1BD6 /* CustomCorner.swift */,
				E172A09E28231EC10086FD09 /* CreditCardView.swift */,
			);
			path = View;
			sourceTree = "<group>";
		};
/* End PBXGroup section */

/* Begin PBXNativeTarget section */
		E17AABFF2820723900F159C7 /* Bank */ = {
			isa = PBXNativeTarget;
			buildConfigurationList = E17AAC0E2820723D00F159C7 /* Build configuration list for PBXNativeTarget "Bank" */;
			buildPhases = (
				E17AABFC2820723900F159C7 /* Sources */,
				E17AABFD2820723900F159C7 /* Frameworks */,
				E17AABFE2820723900F159C7 /* Resources */,
			);
			buildRules = (
			);
			dependencies = (
			);
			name = Bank;
			packageProductDependencies = (
				E1D53AE028318C880089FD3C /* BankLibrary */,
			);
			productName = Bank;
			productReference = E17AAC002820723900F159C7 /* Bank.app */;
			productType = "com.apple.product-type.application";
		};
/* End PBXNativeTarget section */

/* Begin PBXProject section */
		E17AABF82820723900F159C7 /* Project object */ = {
			isa = PBXProject;
			attributes = {
				BuildIndependentTargetsInParallel = 1;
				LastSwiftUpdateCheck = 1320;
				LastUpgradeCheck = 1320;
				TargetAttributes = {
					E17AABFF2820723900F159C7 = {
						CreatedOnToolsVersion = 13.2.1;
					};
				};
			};
			buildConfigurationList = E17AABFB2820723900F159C7 /* Build configuration list for PBXProject "Bank" */;
			compatibilityVersion = "Xcode 13.0";
			developmentRegion = en;
			hasScannedForEncodings = 0;
			knownRegions = (
				en,
				Base,
			);
			mainGroup = E17AABF72820723900F159C7;
			productRefGroup = E17AAC012820723900F159C7 /* Products */;
			projectDirPath = "";
			projectRoot = "";
			targets = (
				E17AABFF2820723900F159C7 /* Bank */,
			);
		};
/* End PBXProject section */

/* Begin PBXResourcesBuildPhase section */
		E17AABFE2820723900F159C7 /* Resources */ = {
			isa = PBXResourcesBuildPhase;
			buildActionMask = 2147483647;
			files = (
				E17AAC0B2820723D00F159C7 /* Preview Assets.xcassets in Resources */,
				E17AAC082820723D00F159C7 /* Assets.xcassets in Resources */,
			);
			runOnlyForDeploymentPostprocessing = 0;
		};
/* End PBXResourcesBuildPhase section */

/* Begin PBXSourcesBuildPhase section */
		E17AABFC2820723900F159C7 /* Sources */ = {
			isa = PBXSourcesBuildPhase;
			buildActionMask = 2147483647;
			files = (
				E18F42092829B50B0057864C /* CustomDatePicker.swift in Sources */,
				E17AAC062820723900F159C7 /* ContentView.swift in Sources */,
				E17AAC162820780C00F159C7 /* WalletView.swift in Sources */,
				E18F41FB282946890057864C /* TransactionsView.swift in Sources */,
				E17AAC182820781E00F159C7 /* Card.swift in Sources */,
				E1E823B92821C728004F1BD6 /* ColorGrid.swift in Sources */,
				E1E8239D28213C1D004F1BD6 /* CardDetailView.swift in Sources */,
				E18F420B2829C3400057864C /* UserTransactionView.swift in Sources */,
				E1E823B228217A41004F1BD6 /* ExpenseView.swift in Sources */,
				E1E823B02821795C004F1BD6 /* Expense.swift in Sources */,
				E18F420128299FD70057864C /* DateValue.swift in Sources */,
				E1E823BB2821C7BC004F1BD6 /* AddCardView.swift in Sources */,
				E172A09F28231EC10086FD09 /* CreditCardView.swift in Sources */,
				E1E823AC28213F6F004F1BD6 /* MockData.swift in Sources */,
				E1E823A528213D2F004F1BD6 /* String+Extensions.swift in Sources */,
				E17AAC12282072B100F159C7 /* View+Extensions.swift in Sources */,
				E172A0A128233A880086FD09 /* GridColoredCardView.swift in Sources */,
				E18F41FF28299F6D0057864C /* User.swift in Sources */,
				E1E823BD2821E73E004F1BD6 /* CustomCorner.swift in Sources */,
				E1E8239B282135F7004F1BD6 /* CardView.swift in Sources */,
				E17AAC042820723900F159C7 /* BankApp.swift in Sources */,
			);
			runOnlyForDeploymentPostprocessing = 0;
		};
/* End PBXSourcesBuildPhase section */

/* Begin XCBuildConfiguration section */
		E17AAC0C2820723D00F159C7 /* Debug */ = {
			isa = XCBuildConfiguration;
			buildSettings = {
				ALWAYS_SEARCH_USER_PATHS = NO;
				CLANG_ANALYZER_NONNULL = YES;
				CLANG_ANALYZER_NUMBER_OBJECT_CONVERSION = YES_AGGRESSIVE;
				CLANG_CXX_LANGUAGE_STANDARD = "gnu++17";
				CLANG_CXX_LIBRARY = "libc++";
				CLANG_ENABLE_MODULES = YES;
				CLANG_ENABLE_OBJC_ARC = YES;
				CLANG_ENABLE_OBJC_WEAK = YES;
				CLANG_WARN_BLOCK_CAPTURE_AUTORELEASING = YES;
				CLANG_WARN_BOOL_CONVERSION = YES;
				CLANG_WARN_COMMA = YES;
				CLANG_WARN_CONSTANT_CONVERSION = YES;
				CLANG_WARN_DEPRECATED_OBJC_IMPLEMENTATIONS = YES;
				CLANG_WARN_DIRECT_OBJC_ISA_USAGE = YES_ERROR;
				CLANG_WARN_DOCUMENTATION_COMMENTS = YES;
				CLANG_WARN_EMPTY_BODY = YES;
				CLANG_WARN_ENUM_CONVERSION = YES;
				CLANG_WARN_INFINITE_RECURSION = YES;
				CLANG_WARN_INT_CONVERSION = YES;
				CLANG_WARN_NON_LITERAL_NULL_CONVERSION = YES;
				CLANG_WARN_OBJC_IMPLICIT_RETAIN_SELF = YES;
				CLANG_WARN_OBJC_LITERAL_CONVERSION = YES;
				CLANG_WARN_OBJC_ROOT_CLASS = YES_ERROR;
				CLANG_WARN_QUOTED_INCLUDE_IN_FRAMEWORK_HEADER = YES;
				CLANG_WARN_RANGE_LOOP_ANALYSIS = YES;
				CLANG_WARN_STRICT_PROTOTYPES = YES;
				CLANG_WARN_SUSPICIOUS_MOVE = YES;
				CLANG_WARN_UNGUARDED_AVAILABILITY = YES_AGGRESSIVE;
				CLANG_WARN_UNREACHABLE_CODE = YES;
				CLANG_WARN__DUPLICATE_METHOD_MATCH = YES;
				COPY_PHASE_STRIP = NO;
				DEBUG_INFORMATION_FORMAT = dwarf;
				ENABLE_STRICT_OBJC_MSGSEND = YES;
				ENABLE_TESTABILITY = YES;
				GCC_C_LANGUAGE_STANDARD = gnu11;
				GCC_DYNAMIC_NO_PIC = NO;
				GCC_NO_COMMON_BLOCKS = YES;
				GCC_OPTIMIZATION_LEVEL = 0;
				GCC_PREPROCESSOR_DEFINITIONS = (
					"DEBUG=1",
					"$(inherited)",
				);
				GCC_WARN_64_TO_32_BIT_CONVERSION = YES;
				GCC_WARN_ABOUT_RETURN_TYPE = YES_ERROR;
				GCC_WARN_UNDECLARED_SELECTOR = YES;
				GCC_WARN_UNINITIALIZED_AUTOS = YES_AGGRESSIVE;
				GCC_WARN_UNUSED_FUNCTION = YES;
				GCC_WARN_UNUSED_VARIABLE = YES;
				IPHONEOS_DEPLOYMENT_TARGET = 15.2;
				MTL_ENABLE_DEBUG_INFO = INCLUDE_SOURCE;
				MTL_FAST_MATH = YES;
				ONLY_ACTIVE_ARCH = YES;
				SDKROOT = iphoneos;
				SWIFT_ACTIVE_COMPILATION_CONDITIONS = DEBUG;
				SWIFT_OPTIMIZATION_LEVEL = "-Onone";
			};
			name = Debug;
		};
		E17AAC0D2820723D00F159C7 /* Release */ = {
			isa = XCBuildConfiguration;
			buildSettings = {
				ALWAYS_SEARCH_USER_PATHS = NO;
				CLANG_ANALYZER_NONNULL = YES;
				CLANG_ANALYZER_NUMBER_OBJECT_CONVERSION = YES_AGGRESSIVE;
				CLANG_CXX_LANGUAGE_STANDARD = "gnu++17";
				CLANG_CXX_LIBRARY = "libc++";
				CLANG_ENABLE_MODULES = YES;
				CLANG_ENABLE_OBJC_ARC = YES;
				CLANG_ENABLE_OBJC_WEAK = YES;
				CLANG_WARN_BLOCK_CAPTURE_AUTORELEASING = YES;
				CLANG_WARN_BOOL_CONVERSION = YES;
				CLANG_WARN_COMMA = YES;
				CLANG_WARN_CONSTANT_CONVERSION = YES;
				CLANG_WARN_DEPRECATED_OBJC_IMPLEMENTATIONS = YES;
				CLANG_WARN_DIRECT_OBJC_ISA_USAGE = YES_ERROR;
				CLANG_WARN_DOCUMENTATION_COMMENTS = YES;
				CLANG_WARN_EMPTY_BODY = YES;
				CLANG_WARN_ENUM_CONVERSION = YES;
				CLANG_WARN_INFINITE_RECURSION = YES;
				CLANG_WARN_INT_CONVERSION = YES;
				CLANG_WARN_NON_LITERAL_NULL_CONVERSION = YES;
				CLANG_WARN_OBJC_IMPLICIT_RETAIN_SELF = YES;
				CLANG_WARN_OBJC_LITERAL_CONVERSION = YES;
				CLANG_WARN_OBJC_ROOT_CLASS = YES_ERROR;
				CLANG_WARN_QUOTED_INCLUDE_IN_FRAMEWORK_HEADER = YES;
				CLANG_WARN_RANGE_LOOP_ANALYSIS = YES;
				CLANG_WARN_STRICT_PROTOTYPES = YES;
				CLANG_WARN_SUSPICIOUS_MOVE = YES;
				CLANG_WARN_UNGUARDED_AVAILABILITY = YES_AGGRESSIVE;
				CLANG_WARN_UNREACHABLE_CODE = YES;
				CLANG_WARN__DUPLICATE_METHOD_MATCH = YES;
				COPY_PHASE_STRIP = NO;
				DEBUG_INFORMATION_FORMAT = "dwarf-with-dsym";
				ENABLE_NS_ASSERTIONS = NO;
				ENABLE_STRICT_OBJC_MSGSEND = YES;
				GCC_C_LANGUAGE_STANDARD = gnu11;
				GCC_NO_COMMON_BLOCKS = YES;
				GCC_WARN_64_TO_32_BIT_CONVERSION = YES;
				GCC_WARN_ABOUT_RETURN_TYPE = YES_ERROR;
				GCC_WARN_UNDECLARED_SELECTOR = YES;
				GCC_WARN_UNINITIALIZED_AUTOS = YES_AGGRESSIVE;
				GCC_WARN_UNUSED_FUNCTION = YES;
				GCC_WARN_UNUSED_VARIABLE = YES;
				IPHONEOS_DEPLOYMENT_TARGET = 15.2;
				MTL_ENABLE_DEBUG_INFO = NO;
				MTL_FAST_MATH = YES;
				SDKROOT = iphoneos;
				SWIFT_COMPILATION_MODE = wholemodule;
				SWIFT_OPTIMIZATION_LEVEL = "-O";
				VALIDATE_PRODUCT = YES;
			};
			name = Release;
		};
		E17AAC0F2820723D00F159C7 /* Debug */ = {
			isa = XCBuildConfiguration;
			buildSettings = {
				ASSETCATALOG_COMPILER_APPICON_NAME = AppIcon;
				ASSETCATALOG_COMPILER_GLOBAL_ACCENT_COLOR_NAME = AccentColor;
				CODE_SIGN_STYLE = Automatic;
				CURRENT_PROJECT_VERSION = 1;
				DEVELOPMENT_ASSET_PATHS = "\"Bank/Preview Content\"";
				DEVELOPMENT_TEAM = R38K25C8UB;
				ENABLE_PREVIEWS = YES;
				GENERATE_INFOPLIST_FILE = YES;
				INFOPLIST_FILE = Bank/Info.plist;
				INFOPLIST_KEY_UIApplicationSceneManifest_Generation = YES;
				INFOPLIST_KEY_UIApplicationSupportsIndirectInputEvents = YES;
				INFOPLIST_KEY_UISupportedInterfaceOrientations_iPad = "UIInterfaceOrientationPortrait UIInterfaceOrientationPortraitUpsideDown UIInterfaceOrientationLandscapeLeft UIInterfaceOrientationLandscapeRight";
				INFOPLIST_KEY_UISupportedInterfaceOrientations_iPhone = "UIInterfaceOrientationPortrait UIInterfaceOrientationLandscapeLeft UIInterfaceOrientationLandscapeRight";
				LD_RUNPATH_SEARCH_PATHS = (
					"$(inherited)",
					"@executable_path/Frameworks",
				);
				MARKETING_VERSION = 1.0;
				PRODUCT_BUNDLE_IDENTIFIER = com.ozhayta.Bank;
				PRODUCT_NAME = "$(TARGET_NAME)";
				SWIFT_EMIT_LOC_STRINGS = YES;
				SWIFT_VERSION = 5.0;
				TARGETED_DEVICE_FAMILY = "1,2";
			};
			name = Debug;
		};
		E17AAC102820723D00F159C7 /* Release */ = {
			isa = XCBuildConfiguration;
			buildSettings = {
				ASSETCATALOG_COMPILER_APPICON_NAME = AppIcon;
				ASSETCATALOG_COMPILER_GLOBAL_ACCENT_COLOR_NAME = AccentColor;
				CODE_SIGN_STYLE = Automatic;
				CURRENT_PROJECT_VERSION = 1;
				DEVELOPMENT_ASSET_PATHS = "\"Bank/Preview Content\"";
				DEVELOPMENT_TEAM = R38K25C8UB;
				ENABLE_PREVIEWS = YES;
				GENERATE_INFOPLIST_FILE = YES;
				INFOPLIST_FILE = Bank/Info.plist;
				INFOPLIST_KEY_UIApplicationSceneManifest_Generation = YES;
				INFOPLIST_KEY_UIApplicationSupportsIndirectInputEvents = YES;
				INFOPLIST_KEY_UISupportedInterfaceOrientations_iPad = "UIInterfaceOrientationPortrait UIInterfaceOrientationPortraitUpsideDown UIInterfaceOrientationLandscapeLeft UIInterfaceOrientationLandscapeRight";
				INFOPLIST_KEY_UISupportedInterfaceOrientations_iPhone = "UIInterfaceOrientationPortrait UIInterfaceOrientationLandscapeLeft UIInterfaceOrientationLandscapeRight";
				LD_RUNPATH_SEARCH_PATHS = (
					"$(inherited)",
					"@executable_path/Frameworks",
				);
				MARKETING_VERSION = 1.0;
				PRODUCT_BUNDLE_IDENTIFIER = com.ozhayta.Bank;
				PRODUCT_NAME = "$(TARGET_NAME)";
				SWIFT_EMIT_LOC_STRINGS = YES;
				SWIFT_VERSION = 5.0;
				TARGETED_DEVICE_FAMILY = "1,2";
			};
			name = Release;
		};
/* End XCBuildConfiguration section */

/* Begin XCConfigurationList section */
		E17AABFB2820723900F159C7 /* Build configuration list for PBXProject "Bank" */ = {
			isa = XCConfigurationList;
			buildConfigurations = (
				E17AAC0C2820723D00F159C7 /* Debug */,
				E17AAC0D2820723D00F159C7 /* Release */,
			);
			defaultConfigurationIsVisible = 0;
			defaultConfigurationName = Release;
		};
		E17AAC0E2820723D00F159C7 /* Build configuration list for PBXNativeTarget "Bank" */ = {
			isa = XCConfigurationList;
			buildConfigurations = (
				E17AAC0F2820723D00F159C7 /* Debug */,
				E17AAC102820723D00F159C7 /* Release */,
			);
			defaultConfigurationIsVisible = 0;
			defaultConfigurationName = Release;
		};
/* End XCConfigurationList section */

/* Begin XCSwiftPackageProductDependency section */
		E1D53AE028318C880089FD3C /* BankLibrary */ = {
			isa = XCSwiftPackageProductDependency;
			productName = BankLibrary;
		};
/* End XCSwiftPackageProductDependency section */
	};
	rootObject = E17AABF82820723900F159C7 /* Project object */;
}
